
Microsoft Visual Studio Solution File, Format Version 12.00
# Visual Studio Version 17
VisualStudioVersion = 17.8.34330.188
MinimumVisualStudioVersion = 10.0.40219.1
Project("{9A19103F-16F7-4668-BE54-9A1E7A4F7556}") = "APICatalogo", "APICatalogo\APICatalogo.csproj", "{294A0A7C-1822-4CED-8F08-B8AEF74B8174}"
EndProject
Project("{FAE04EC0-301F-11D3-BF4B-00C04F79EFBC}") = "ApiExerc", "ApiExerc\ApiExerc.csproj", "{5DD1D87F-9778-49B4-9859-0DAD31D195CA}"
EndProject
Global
	GlobalSection(SolutionConfigurationPlatforms) = preSolution
		Debug|Any CPU = Debug|Any CPU
		Release|Any CPU = Release|Any CPU
	EndGlobalSection
	GlobalSection(ProjectConfigurationPlatforms) = postSolution
		{294A0A7C-1822-4CED-8F08-B8AEF74B8174}.Debug|Any CPU.ActiveCfg = Debug|Any CPU
		{294A0A7C-1822-4CED-8F08-B8AEF74B8174}.Debug|Any CPU.Build.0 = Debug|Any CPU
		{294A0A7C-1822-4CED-8F08-B8AEF74B8174}.Release|Any CPU.ActiveCfg = Release|Any CPU
		{294A0A7C-1822-4CED-8F08-B8AEF74B8174}.Release|Any CPU.Build.0 = Release|Any CPU
		{5DD1D87F-9778-49B4-9859-0DAD31D195CA}.Debug|Any CPU.ActiveCfg = Debug|Any CPU
		{5DD1D87F-9778-49B4-9859-0DAD31D195CA}.Debug|Any CPU.Build.0 = Debug|Any CPU
		{5DD1D87F-9778-49B4-9859-0DAD31D195CA}.Release|Any CPU.ActiveCfg = Release|Any CPU
		{5DD1D87F-9778-49B4-9859-0DAD31D195CA}.Release|Any CPU.Build.0 = Release|Any CPU
	EndGlobalSection
	GlobalSection(SolutionProperties) = preSolution
		HideSolutionNode = FALSE
	EndGlobalSection
	GlobalSection(ExtensibilityGlobals) = postSolution
		SolutionGuid = {EFAB8C8F-5431-4BF8-A783-1AB4E7C6F5E8}
	EndGlobalSection
EndGlobal
